
Microsoft Visual Studio Solution File, Format Version 12.00
# Visual Studio Version 17
VisualStudioVersion = 17.13.35825.156 d17.13
MinimumVisualStudioVersion = 10.0.40219.1
Project("{FAE04EC0-301F-11D3-BF4B-00C04F79EFBC}") = "GitTest", "GitTest.csproj", "{A75FC09E-0A21-4EFF-BB75-95F94037394A}"
EndProject
Global
	GlobalSection(SolutionConfigurationPlatforms) = preSolution
		Debug|Any CPU = Debug|Any CPU
		Release|Any CPU = Release|Any CPU
	EndGlobalSection
	GlobalSection(ProjectConfigurationPlatforms) = postSolution
		{A75FC09E-0A21-4EFF-BB75-95F94037394A}.Debug|Any CPU.ActiveCfg = Debug|Any CPU
		{A75FC09E-0A21-4EFF-BB75-95F94037394A}.Debug|Any CPU.Build.0 = Debug|Any CPU
		{A75FC09E-0A21-4EFF-BB75-95F94037394A}.Release|Any CPU.ActiveCfg = Release|Any CPU
		{A75FC09E-0A21-4EFF-BB75-95F94037394A}.Release|Any CPU.Build.0 = Release|Any CPU
	EndGlobalSection
	GlobalSection(SolutionProperties) = preSolution
		HideSolutionNode = FALSE
	EndGlobalSection
	GlobalSection(ExtensibilityGlobals) = postSolution
		SolutionGuid = {A5D179FA-86DA-4A35-8D47-CDB2C940F518}
	EndGlobalSection
EndGlobal
